
Microsoft Visual Studio Solution File, Format Version 12.00
# Visual Studio Version 17
VisualStudioVersion = 17.5.33414.496
MinimumVisualStudioVersion = 10.0.40219.1
Project("{FAE04EC0-301F-11D3-BF4B-00C04F79EFBC}") = "FileOperations", "FileOperations\FileOperations.csproj", "{56647687-6FFB-436A-BA11-0807C197C81C}"
EndProject
Global
	GlobalSection(SolutionConfigurationPlatforms) = preSolution
		Debug|Any CPU = Debug|Any CPU
		Release|Any CPU = Release|Any CPU
	EndGlobalSection
	GlobalSection(ProjectConfigurationPlatforms) = postSolution
		{56647687-6FFB-436A-BA11-0807C197C81C}.Debug|Any CPU.ActiveCfg = Debug|Any CPU
		{56647687-6FFB-436A-BA11-0807C197C81C}.Debug|Any CPU.Build.0 = Debug|Any CPU
		{56647687-6FFB-436A-BA11-0807C197C81C}.Release|Any CPU.ActiveCfg = Release|Any CPU
		{56647687-6FFB-436A-BA11-0807C197C81C}.Release|Any CPU.Build.0 = Release|Any CPU
	EndGlobalSection
	GlobalSection(SolutionProperties) = preSolution
		HideSolutionNode = FALSE
	EndGlobalSection
	GlobalSection(ExtensibilityGlobals) = postSolution
		SolutionGuid = {74569DDD-29EF-4330-A405-5E456F294640}
	EndGlobalSection
EndGlobal
