
Microsoft Visual Studio Solution File, Format Version 12.00
# Visual Studio Version 17
VisualStudioVersion = 17.5.33414.496
MinimumVisualStudioVersion = 10.0.40219.1
Project("{FAE04EC0-301F-11D3-BF4B-00C04F79EFBC}") = "Class Practise", "Class Practise\Class Practise.csproj", "{11F63C18-A4A8-4B4C-8C30-2CFF6132FA79}"
EndProject
Global
	GlobalSection(SolutionConfigurationPlatforms) = preSolution
		Debug|Any CPU = Debug|Any CPU
		Release|Any CPU = Release|Any CPU
	EndGlobalSection
	GlobalSection(ProjectConfigurationPlatforms) = postSolution
		{11F63C18-A4A8-4B4C-8C30-2CFF6132FA79}.Debug|Any CPU.ActiveCfg = Debug|Any CPU
		{11F63C18-A4A8-4B4C-8C30-2CFF6132FA79}.Debug|Any CPU.Build.0 = Debug|Any CPU
		{11F63C18-A4A8-4B4C-8C30-2CFF6132FA79}.Release|Any CPU.ActiveCfg = Release|Any CPU
		{11F63C18-A4A8-4B4C-8C30-2CFF6132FA79}.Release|Any CPU.Build.0 = Release|Any CPU
	EndGlobalSection
	GlobalSection(SolutionProperties) = preSolution
		HideSolutionNode = FALSE
	EndGlobalSection
	GlobalSection(ExtensibilityGlobals) = postSolution
		SolutionGuid = {41FEAC9E-031D-4E23-A94E-ED104E1E1551}
	EndGlobalSection
EndGlobal
