
Microsoft Visual Studio Solution File, Format Version 12.00
# Visual Studio Version 17
VisualStudioVersion = 17.5.33414.496
MinimumVisualStudioVersion = 10.0.40219.1
Project("{FAE04EC0-301F-11D3-BF4B-00C04F79EFBC}") = "FrontToBack", "FrontToBack\FrontToBack.csproj", "{0770364D-24E1-40B7-9EE3-6732E0F65C64}"
EndProject
Global
	GlobalSection(SolutionConfigurationPlatforms) = preSolution
		Debug|Any CPU = Debug|Any CPU
		Release|Any CPU = Release|Any CPU
	EndGlobalSection
	GlobalSection(ProjectConfigurationPlatforms) = postSolution
		{0770364D-24E1-40B7-9EE3-6732E0F65C64}.Debug|Any CPU.ActiveCfg = Debug|Any CPU
		{0770364D-24E1-40B7-9EE3-6732E0F65C64}.Debug|Any CPU.Build.0 = Debug|Any CPU
		{0770364D-24E1-40B7-9EE3-6732E0F65C64}.Release|Any CPU.ActiveCfg = Release|Any CPU
		{0770364D-24E1-40B7-9EE3-6732E0F65C64}.Release|Any CPU.Build.0 = Release|Any CPU
	EndGlobalSection
	GlobalSection(SolutionProperties) = preSolution
		HideSolutionNode = FALSE
	EndGlobalSection
	GlobalSection(ExtensibilityGlobals) = postSolution
		SolutionGuid = {AEE73D84-5642-40D1-86AA-7464952B5527}
	EndGlobalSection
EndGlobal
