
Microsoft Visual Studio Solution File, Format Version 12.00
# Visual Studio Version 17
VisualStudioVersion = 17.5.33414.496
MinimumVisualStudioVersion = 10.0.40219.1
Project("{FAE04EC0-301F-11D3-BF4B-00C04F79EFBC}") = "Abstract_Interface", "Abstract_Interface\Abstract_Interface.csproj", "{9E376B9D-9409-4C8E-AAC1-EFB077F5521B}"
EndProject
Global
	GlobalSection(SolutionConfigurationPlatforms) = preSolution
		Debug|Any CPU = Debug|Any CPU
		Release|Any CPU = Release|Any CPU
	EndGlobalSection
	GlobalSection(ProjectConfigurationPlatforms) = postSolution
		{9E376B9D-9409-4C8E-AAC1-EFB077F5521B}.Debug|Any CPU.ActiveCfg = Debug|Any CPU
		{9E376B9D-9409-4C8E-AAC1-EFB077F5521B}.Debug|Any CPU.Build.0 = Debug|Any CPU
		{9E376B9D-9409-4C8E-AAC1-EFB077F5521B}.Release|Any CPU.ActiveCfg = Release|Any CPU
		{9E376B9D-9409-4C8E-AAC1-EFB077F5521B}.Release|Any CPU.Build.0 = Release|Any CPU
	EndGlobalSection
	GlobalSection(SolutionProperties) = preSolution
		HideSolutionNode = FALSE
	EndGlobalSection
	GlobalSection(ExtensibilityGlobals) = postSolution
		SolutionGuid = {6D542173-4388-4DDD-BC4F-B979B34FF31C}
	EndGlobalSection
EndGlobal
