
Microsoft Visual Studio Solution File, Format Version 12.00
# Visual Studio Version 17
VisualStudioVersion = 17.5.33414.496
MinimumVisualStudioVersion = 10.0.40219.1
Project("{FAE04EC0-301F-11D3-BF4B-00C04F79EFBC}") = "C#_Intro", "C#_Intro\C#_Intro.csproj", "{CE272665-B8CF-4B88-BAB2-D85563B438CF}"
EndProject
Global
	GlobalSection(SolutionConfigurationPlatforms) = preSolution
		Debug|Any CPU = Debug|Any CPU
		Release|Any CPU = Release|Any CPU
	EndGlobalSection
	GlobalSection(ProjectConfigurationPlatforms) = postSolution
		{CE272665-B8CF-4B88-BAB2-D85563B438CF}.Debug|Any CPU.ActiveCfg = Debug|Any CPU
		{CE272665-B8CF-4B88-BAB2-D85563B438CF}.Debug|Any CPU.Build.0 = Debug|Any CPU
		{CE272665-B8CF-4B88-BAB2-D85563B438CF}.Release|Any CPU.ActiveCfg = Release|Any CPU
		{CE272665-B8CF-4B88-BAB2-D85563B438CF}.Release|Any CPU.Build.0 = Release|Any CPU
	EndGlobalSection
	GlobalSection(SolutionProperties) = preSolution
		HideSolutionNode = FALSE
	EndGlobalSection
	GlobalSection(ExtensibilityGlobals) = postSolution
		SolutionGuid = {A32B1A87-6AFD-40B7-9202-B0DB30F7037F}
	EndGlobalSection
EndGlobal
