
Microsoft Visual Studio Solution File, Format Version 12.00
# Visual Studio Version 17
VisualStudioVersion = 17.5.33414.496
MinimumVisualStudioVersion = 10.0.40219.1
Project("{FAE04EC0-301F-11D3-BF4B-00C04F79EFBC}") = "Ado.Net_EntitiyFrameworkCore", "Ado.Net_EntitiyFrameworkCore\Ado.Net_EntitiyFrameworkCore.csproj", "{29089788-A3E3-4D42-9FAF-8C3AD07106AD}"
EndProject
Global
	GlobalSection(SolutionConfigurationPlatforms) = preSolution
		Debug|Any CPU = Debug|Any CPU
		Release|Any CPU = Release|Any CPU
	EndGlobalSection
	GlobalSection(ProjectConfigurationPlatforms) = postSolution
		{29089788-A3E3-4D42-9FAF-8C3AD07106AD}.Debug|Any CPU.ActiveCfg = Debug|Any CPU
		{29089788-A3E3-4D42-9FAF-8C3AD07106AD}.Debug|Any CPU.Build.0 = Debug|Any CPU
		{29089788-A3E3-4D42-9FAF-8C3AD07106AD}.Release|Any CPU.ActiveCfg = Release|Any CPU
		{29089788-A3E3-4D42-9FAF-8C3AD07106AD}.Release|Any CPU.Build.0 = Release|Any CPU
	EndGlobalSection
	GlobalSection(SolutionProperties) = preSolution
		HideSolutionNode = FALSE
	EndGlobalSection
	GlobalSection(ExtensibilityGlobals) = postSolution
		SolutionGuid = {3F704D70-B2D2-4EAC-BC28-9AECE514B2E4}
	EndGlobalSection
EndGlobal
