
Microsoft Visual Studio Solution File, Format Version 12.00
# Visual Studio Version 17
VisualStudioVersion = 17.5.33414.496
MinimumVisualStudioVersion = 10.0.40219.1
Project("{FAE04EC0-301F-11D3-BF4B-00C04F79EFBC}") = "Asp.Net-Start", "Asp.Net-Start\Asp.Net-Start.csproj", "{4178178E-8244-4CE2-A5B2-F82A2D1C98B1}"
EndProject
Global
	GlobalSection(SolutionConfigurationPlatforms) = preSolution
		Debug|Any CPU = Debug|Any CPU
		Release|Any CPU = Release|Any CPU
	EndGlobalSection
	GlobalSection(ProjectConfigurationPlatforms) = postSolution
		{4178178E-8244-4CE2-A5B2-F82A2D1C98B1}.Debug|Any CPU.ActiveCfg = Debug|Any CPU
		{4178178E-8244-4CE2-A5B2-F82A2D1C98B1}.Debug|Any CPU.Build.0 = Debug|Any CPU
		{4178178E-8244-4CE2-A5B2-F82A2D1C98B1}.Release|Any CPU.ActiveCfg = Release|Any CPU
		{4178178E-8244-4CE2-A5B2-F82A2D1C98B1}.Release|Any CPU.Build.0 = Release|Any CPU
	EndGlobalSection
	GlobalSection(SolutionProperties) = preSolution
		HideSolutionNode = FALSE
	EndGlobalSection
	GlobalSection(ExtensibilityGlobals) = postSolution
		SolutionGuid = {E2538F9D-7843-4B36-B849-4160E3C7397A}
	EndGlobalSection
EndGlobal
