
Microsoft Visual Studio Solution File, Format Version 12.00
# Visual Studio Version 17
VisualStudioVersion = 17.5.33414.496
MinimumVisualStudioVersion = 10.0.40219.1
Project("{FAE04EC0-301F-11D3-BF4B-00C04F79EFBC}") = "Record__Type_C#9", "Record__Type_C#9\Record__Type_C#9.csproj", "{7E1F5205-42E8-4CD3-811D-520A35E6CCA3}"
EndProject
Global
	GlobalSection(SolutionConfigurationPlatforms) = preSolution
		Debug|Any CPU = Debug|Any CPU
		Release|Any CPU = Release|Any CPU
	EndGlobalSection
	GlobalSection(ProjectConfigurationPlatforms) = postSolution
		{7E1F5205-42E8-4CD3-811D-520A35E6CCA3}.Debug|Any CPU.ActiveCfg = Debug|Any CPU
		{7E1F5205-42E8-4CD3-811D-520A35E6CCA3}.Debug|Any CPU.Build.0 = Debug|Any CPU
		{7E1F5205-42E8-4CD3-811D-520A35E6CCA3}.Release|Any CPU.ActiveCfg = Release|Any CPU
		{7E1F5205-42E8-4CD3-811D-520A35E6CCA3}.Release|Any CPU.Build.0 = Release|Any CPU
	EndGlobalSection
	GlobalSection(SolutionProperties) = preSolution
		HideSolutionNode = FALSE
	EndGlobalSection
	GlobalSection(ExtensibilityGlobals) = postSolution
		SolutionGuid = {A972106F-7299-47F2-BD62-CA88A52E2909}
	EndGlobalSection
EndGlobal
