
Microsoft Visual Studio Solution File, Format Version 12.00
# Visual Studio Version 17
VisualStudioVersion = 17.5.33414.496
MinimumVisualStudioVersion = 10.0.40219.1
Project("{FAE04EC0-301F-11D3-BF4B-00C04F79EFBC}") = "Class_Inheritance_This_Keyword", "Class_Inheritance_This_Keyword\Class_Inheritance_This_Keyword.csproj", "{2DC5F525-5D32-4430-A4D4-3B938346C365}"
EndProject
Global
	GlobalSection(SolutionConfigurationPlatforms) = preSolution
		Debug|Any CPU = Debug|Any CPU
		Release|Any CPU = Release|Any CPU
	EndGlobalSection
	GlobalSection(ProjectConfigurationPlatforms) = postSolution
		{2DC5F525-5D32-4430-A4D4-3B938346C365}.Debug|Any CPU.ActiveCfg = Debug|Any CPU
		{2DC5F525-5D32-4430-A4D4-3B938346C365}.Debug|Any CPU.Build.0 = Debug|Any CPU
		{2DC5F525-5D32-4430-A4D4-3B938346C365}.Release|Any CPU.ActiveCfg = Release|Any CPU
		{2DC5F525-5D32-4430-A4D4-3B938346C365}.Release|Any CPU.Build.0 = Release|Any CPU
	EndGlobalSection
	GlobalSection(SolutionProperties) = preSolution
		HideSolutionNode = FALSE
	EndGlobalSection
	GlobalSection(ExtensibilityGlobals) = postSolution
		SolutionGuid = {4FB2C351-E90D-4C95-987F-CFB134FCD233}
	EndGlobalSection
EndGlobal
